
Microsoft Visual Studio Solution File, Format Version 12.00
Project("{FAE04EC0-301F-11D3-BF4B-00C04F79EFBC}") = "AdventOfCode2024", "AdventOfCode2024\AdventOfCode2024.csproj", "{2BACB4CE-B895-4C6A-B4CC-286085BDAEEA}"
EndProject
Global
	GlobalSection(SolutionConfigurationPlatforms) = preSolution
		Debug|Any CPU = Debug|Any CPU
		Release|Any CPU = Release|Any CPU
	EndGlobalSection
	GlobalSection(ProjectConfigurationPlatforms) = postSolution
		{2BACB4CE-B895-4C6A-B4CC-286085BDAEEA}.Debug|Any CPU.ActiveCfg = Debug|Any CPU
		{2BACB4CE-B895-4C6A-B4CC-286085BDAEEA}.Debug|Any CPU.Build.0 = Debug|Any CPU
		{2BACB4CE-B895-4C6A-B4CC-286085BDAEEA}.Release|Any CPU.ActiveCfg = Release|Any CPU
		{2BACB4CE-B895-4C6A-B4CC-286085BDAEEA}.Release|Any CPU.Build.0 = Release|Any CPU
	EndGlobalSection
EndGlobal
